
Microsoft Visual Studio Solution File, Format Version 12.00
Project("{FAE04EC0-301F-11D3-BF4B-00C04F79EFBC}") = "Cal", "Cal\Cal.csproj", "{8ECAD9CC-F46F-40DE-A6C1-2268D1C0C520}"
EndProject
Global
	GlobalSection(SolutionConfigurationPlatforms) = preSolution
		Debug|Any CPU = Debug|Any CPU
		Release|Any CPU = Release|Any CPU
	EndGlobalSection
	GlobalSection(ProjectConfigurationPlatforms) = postSolution
		{8ECAD9CC-F46F-40DE-A6C1-2268D1C0C520}.Debug|Any CPU.ActiveCfg = Debug|Any CPU
		{8ECAD9CC-F46F-40DE-A6C1-2268D1C0C520}.Debug|Any CPU.Build.0 = Debug|Any CPU
		{8ECAD9CC-F46F-40DE-A6C1-2268D1C0C520}.Release|Any CPU.ActiveCfg = Release|Any CPU
		{8ECAD9CC-F46F-40DE-A6C1-2268D1C0C520}.Release|Any CPU.Build.0 = Release|Any CPU
	EndGlobalSection
EndGlobal
